github.com/google/go-cmp v0.6.0 h1:ofyhxvXcZhMsU5ulbFiLKl/XBFqE1GSq7atu8tAmTRI=
github.com/google/go-cmp v0.6.0/go.mod h1:17dUlkBOakJ0+DkrSSNjCkIjxS6bF9zb3elmeNGIjoY=
github.com/pborzenkov/go-transmission v0.3.0 h1:9/+SsnoFlM7RELZFZ47uIvskuF1mAMKFe94EpVhvhO4=
github.com/pborzenkov/go-transmission v0.3.0/go.mod h1:97tHxcC2s4aKlzVzthfw76NWwRBwKH76qe8rc4DXl4g=
github.com/vchimishuk/config v0.0.0-20251226000915-f2660fcdf53b h1:TAEH0uLJEQjO3qVZPyUVKbPkv5hMP6fd7j4lJXrZeC8=
github.com/vchimishuk/config v0.0.0-20251226000915-f2660fcdf53b/go.mod h1:4/fxN1V3/I1ujlZv5gf0KzQOv3/4nObqzqvkC4uf3X4=
github.com/vchimishuk/opt v0.0.0-20250103221129-d823c9050e21 h1:rvN8vzumjvhKfg+Krs5X+/K78/rV+xV87xDPxvHl3Kk=
github.com/vchimishuk/opt v0.0.0-20250103221129-d823c9050e21/go.mod h1:MW7wx9OaqU0whuX3WqVLl5i08bNC4VrYQJbJHNrWqL4=
